version = 1
revision = 3
requires-python = ">=3.13"

[[package]]
name = "dotenv"
version = "0.9.9"
source = { registry = "https://pypi.org/simple" }
dependencies = [
    { name = "python-dotenv" },
]
wheels = [
    { url = "https://files.pythonhosted.org/packages/b2/b7/545d2c10c1fc15e48653c91efde329a790f2eecfbbf2bd16003b5db2bab0/dotenv-0.9.9-py2.py3-none-any.whl", hash = "sha256:29cf74a087b31dafdb5a446b6d7e11cbce8ed2741540e2339c69fbef92c94ce9", size = 1892, upload-time = "2025-02-19T22:15:01.647Z" },
]

[[package]]
name = "psycopg2"
version = "2.9.12"
source = { registry = "https://pypi.org/simple" }
sdist = { url = "https://files.pythonhosted.org/packages/c7/bc/f66df707ed1aec949fbf24e4460e4f4277a7ba23cdadb3965bb1f634ddb9/psycopg2-2.9.12.tar.gz", hash = "sha256:1dedb1c7a1d8552c4a6044c6b1c41a52e6a8e2d144af83eccac758076b1b7c15", size = 379683, upload-time = "2026-04-20T23:36:11.013Z" }
wheels = [
    { url = "https://files.pythonhosted.org/packages/91/ab/03403779a251ca14a7f1b07a41c7aa735fd451f0aebe4c4f901a231167a4/psycopg2-2.9.12-cp313-cp313-win_amd64.whl", hash = "sha256:3d23e684927d37b95cee9a943f6927b04ae2fdcd056fd0e2a30929ee89fee5a9", size = 2757176, upload-time = "2026-04-20T23:33:23.577Z" },
    { url = "https://files.pythonhosted.org/packages/73/4a/a3566f77501c21a6c2a1fc234dbe5dff74a86e3f150ef070e4ffb835e7f9/psycopg2-2.9.12-cp314-cp314-win_amd64.whl", hash = "sha256:a73d5513bfe929c56555006c7a9cc7ae6e4276aa99dd2b1e2544eb8bb54f8b23", size = 2848588, upload-time = "2026-04-20T23:33:25.983Z" },
]

[[package]]
name = "py4j"
version = "0.10.9.9"
source = { registry = "https://pypi.org/simple" }
sdist = { url = "https://files.pythonhosted.org/packages/38/31/0b210511177070c8d5d3059556194352e5753602fa64b85b7ab81ec1a009/py4j-0.10.9.9.tar.gz", hash = "sha256:f694cad19efa5bd1dee4f3e5270eb406613c974394035e5bfc4ec1aba870b879", size = 761089, upload-time = "2025-01-15T03:53:18.624Z" }
wheels = [
    { url = "https://files.pythonhosted.org/packages/bd/db/ea0203e495be491c85af87b66e37acfd3bf756fd985f87e46fc5e3bf022c/py4j-0.10.9.9-py2.py3-none-any.whl", hash = "sha256:c7c26e4158defb37b0bb124933163641a2ff6e3a3913f7811b0ddbe07ed61533", size = 203008, upload-time = "2025-01-15T03:53:15.648Z" },
]

[[package]]
name = "pyspark"
version = "4.1.2"
source = { registry = "https://pypi.org/simple" }
dependencies = [
    { name = "py4j" },
]
sdist = { url = "https://files.pythonhosted.org/packages/5e/71/4dd20c69332a2a4bf7ece8a655c9da98e4bd9b6bcea235349c1a00399d57/pyspark-4.1.2.tar.gz", hash = "sha256:fa5d6159f700d0990a07f4f62df1b7449401dccee9cd7d5d6df8957530841602", size = 455428043, upload-time = "2026-05-21T14:49:21.785Z" }

[[package]]
name = "python-dotenv"
version = "1.2.2"
source = { registry = "https://pypi.org/simple" }
sdist = { url = "https://files.pythonhosted.org/packages/82/ed/0301aeeac3e5353ef3d94b6ec08bbcabd04a72018415dcb29e588514bba8/python_dotenv-1.2.2.tar.gz", hash = "sha256:2c371a91fbd7ba082c2c1dc1f8bf89ca22564a087c2c287cd9b662adde799cf3", size = 50135, upload-time = "2026-03-01T16:00:26.196Z" }
wheels = [
    { url = "https://files.pythonhosted.org/packages/0b/d7/1959b9648791274998a9c3526f6d0ec8fd2233e4d4acce81bbae76b44b2a/python_dotenv-1.2.2-py3-none-any.whl", hash = "sha256:1d8214789a24de455a8b8bd8ae6fe3c6b69a5e3d64aa8a8e5d68e694bbcb285a", size = 22101, upload-time = "2026-03-01T16:00:25.09Z" },
]

[[package]]
name = "self-healing-etl-pipeline-with-a-maintenance-copilot"
version = "0.1.0"
source = { virtual = "." }
dependencies = [
    { name = "dotenv" },
    { name = "psycopg2" },
    { name = "pyspark" },
]

[package.metadata]
requires-dist = [
    { name = "dotenv", specifier = ">=0.9.9" },
    { name = "psycopg2", specifier = ">=2.9.12" },
    { name = "pyspark", specifier = ">=4.1.2" },
]
